
Microsoft Visual Studio Solution File, Format Version 12.00
# Visual Studio 15
VisualStudioVersion = 15.0.27428.2011
MinimumVisualStudioVersion = 10.0.40219.1
Project("{9A19103F-16F7-4668-BE54-9A1E7A4F7556}") = "eagle.cli", "eagle.cli\eagle.cli.csproj", "{5988921F-9C4F-470C-A808-679BE62A305B}"
EndProject
Global
	GlobalSection(SolutionConfigurationPlatforms) = preSolution
		Debug|Any CPU = Debug|Any CPU
		Debug|x64 = Debug|x64
		Debug|x86 = Debug|x86
		Release|Any CPU = Release|Any CPU
		Release|x64 = Release|x64
		Release|x86 = Release|x86
	EndGlobalSection
	GlobalSection(ProjectConfigurationPlatforms) = postSolution
		{5988921F-9C4F-470C-A808-679BE62A305B}.Debug|Any CPU.ActiveCfg = Debug|Any CPU
		{5988921F-9C4F-470C-A808-679BE62A305B}.Debug|Any CPU.Build.0 = Debug|Any CPU
		{5988921F-9C4F-470C-A808-679BE62A305B}.Debug|x64.ActiveCfg = Debug|Any CPU
		{5988921F-9C4F-470C-A808-679BE62A305B}.Debug|x64.Build.0 = Debug|Any CPU
		{5988921F-9C4F-470C-A808-679BE62A305B}.Debug|x86.ActiveCfg = Debug|Any CPU
		{5988921F-9C4F-470C-A808-679BE62A305B}.Debug|x86.Build.0 = Debug|Any CPU
		{5988921F-9C4F-470C-A808-679BE62A305B}.Release|Any CPU.ActiveCfg = Release|Any CPU
		{5988921F-9C4F-470C-A808-679BE62A305B}.Release|Any CPU.Build.0 = Release|Any CPU
		{5988921F-9C4F-470C-A808-679BE62A305B}.Release|x64.ActiveCfg = Release|Any CPU
		{5988921F-9C4F-470C-A808-679BE62A305B}.Release|x64.Build.0 = Release|Any CPU
		{5988921F-9C4F-470C-A808-679BE62A305B}.Release|x86.ActiveCfg = Release|Any CPU
		{5988921F-9C4F-470C-A808-679BE62A305B}.Release|x86.Build.0 = Release|Any CPU
	EndGlobalSection
	GlobalSection(SolutionProperties) = preSolution
		HideSolutionNode = FALSE
	EndGlobalSection
	GlobalSection(ExtensibilityGlobals) = postSolution
		SolutionGuid = {E2977B90-20AF-4409-A32E-1F6DC5221FD1}
	EndGlobalSection
EndGlobal
